// !$*UTF8*$!
{
	archiveVersion = 1;
	classes = {
	};
	objectVersion = 56;
	objects = {

/* Begin PBXBuildFile section */
		7AB86B26B569B32776D932F8 /* Pods_ThermostatControlSwiftUI.framework in Frameworks */ = {isa = PBXBuildFile; fileRef = E817E31933ADECCE46D45673 /* Pods_ThermostatControlSwiftUI.framework */; };
		F5007B422BA98F9100940F6C /* Stylesheet.swift in Sources */ = {isa = PBXBuildFile; fileRef = F5007B412BA98F9100940F6C /* Stylesheet.swift */; };
		F5007B442BA994C500940F6C /* SF-Pro-Rounded-Regular.otf in Resources */ = {isa = PBXBuildFile; fileRef = F5007B432BA994C500940F6C /* SF-Pro-Rounded-Regular.otf */; };
		F554943E2BADB6E400E43FEE /* DrumView.swift in Sources */ = {isa = PBXBuildFile; fileRef = F554943D2BADB6E400E43FEE /* DrumView.swift */; };
		F55C00792BAC203E00FA0F86 /* SF-Pro-Rounded-Bold.otf in Resources */ = {isa = PBXBuildFile; fileRef = F55C00772BAC203E00FA0F86 /* SF-Pro-Rounded-Bold.otf */; };
		F55C007A2BAC203E00FA0F86 /* SF-Pro-Rounded-Medium.otf in Resources */ = {isa = PBXBuildFile; fileRef = F55C00782BAC203E00FA0F86 /* SF-Pro-Rounded-Medium.otf */; };
		F56A807B2BAD60660057532F /* SF-Pro-Rounded-Semibold.otf in Resources */ = {isa = PBXBuildFile; fileRef = F56A807A2BAD60660057532F /* SF-Pro-Rounded-Semibold.otf */; };
		F56A807D2BAD61640057532F /* FanSlider.swift in Sources */ = {isa = PBXBuildFile; fileRef = F56A807C2BAD61640057532F /* FanSlider.swift */; };
		F5708EAB2BB2D9BE0052644E /* RotationGestureRecognizer.swift in Sources */ = {isa = PBXBuildFile; fileRef = F5708EAA2BB2D9BE0052644E /* RotationGestureRecognizer.swift */; };
		F571BD052B99C05D007E730F /* GlowingButton.swift in Sources */ = {isa = PBXBuildFile; fileRef = F571BD042B99C05D007E730F /* GlowingButton.swift */; };
		F57405452B98F78E00494384 /* CGFloat+RoundToNearest.swift in Sources */ = {isa = PBXBuildFile; fileRef = F57405432B98F78E00494384 /* CGFloat+RoundToNearest.swift */; };
		F57405462B98F78E00494384 /* CGPoint+Distance.swift in Sources */ = {isa = PBXBuildFile; fileRef = F57405442B98F78E00494384 /* CGPoint+Distance.swift */; };
		F57405482B98F7B300494384 /* DecelerationBehaviour.swift in Sources */ = {isa = PBXBuildFile; fileRef = F57405472B98F7B300494384 /* DecelerationBehaviour.swift */; };
		F5A8B0102BB58B59007F6DE1 /* MeasurementValueTransformer.swift in Sources */ = {isa = PBXBuildFile; fileRef = F5A8B00F2BB58B59007F6DE1 /* MeasurementValueTransformer.swift */; };
		F5A8B0152BB58E59007F6DE1 /* MeasurementValueTransformer+FactoryMethods.swift in Sources */ = {isa = PBXBuildFile; fileRef = F5A8B0142BB58E59007F6DE1 /* MeasurementValueTransformer+FactoryMethods.swift */; };
		F5A8B0172BB591A7007F6DE1 /* DrumViewModel.swift in Sources */ = {isa = PBXBuildFile; fileRef = F5A8B0162BB591A7007F6DE1 /* DrumViewModel.swift */; };
		F5DBFAD32B7168A00087E1E8 /* ThermostatControlSwiftUIApp.swift in Sources */ = {isa = PBXBuildFile; fileRef = F5DBFAD22B7168A00087E1E8 /* ThermostatControlSwiftUIApp.swift */; };
		F5DBFAD52B7168A00087E1E8 /* ThermostatContentView.swift in Sources */ = {isa = PBXBuildFile; fileRef = F5DBFAD42B7168A00087E1E8 /* ThermostatContentView.swift */; };
		F5DBFAD72B7168A10087E1E8 /* Assets.xcassets in Resources */ = {isa = PBXBuildFile; fileRef = F5DBFAD62B7168A10087E1E8 /* Assets.xcassets */; };
		F5DBFADA2B7168A10087E1E8 /* Preview Assets.xcassets in Resources */ = {isa = PBXBuildFile; fileRef = F5DBFAD92B7168A10087E1E8 /* Preview Assets.xcassets */; };
/* End PBXBuildFile section */

/* Begin PBXFileReference section */
		98A12F8E63BC429BB3B4BDB2 /* Pods-ThermostatControlSwiftUI.debug.xcconfig */ = {isa = PBXFileReference; includeInIndex = 1; lastKnownFileType = text.xcconfig; name = "Pods-ThermostatControlSwiftUI.debug.xcconfig"; path = "Target Support Files/Pods-ThermostatControlSwiftUI/Pods-ThermostatControlSwiftUI.debug.xcconfig"; sourceTree = "<group>"; };
		B06997BC910891D461C77E1B /* Pods-ThermostatControlSwiftUI.release.xcconfig */ = {isa = PBXFileReference; includeInIndex = 1; lastKnownFileType = text.xcconfig; name = "Pods-ThermostatControlSwiftUI.release.xcconfig"; path = "Target Support Files/Pods-ThermostatControlSwiftUI/Pods-ThermostatControlSwiftUI.release.xcconfig"; sourceTree = "<group>"; };
		E817E31933ADECCE46D45673 /* Pods_ThermostatControlSwiftUI.framework */ = {isa = PBXFileReference; explicitFileType = wrapper.framework; includeInIndex = 0; path = Pods_ThermostatControlSwiftUI.framework; sourceTree = BUILT_PRODUCTS_DIR; };
		F5007B412BA98F9100940F6C /* Stylesheet.swift */ = {isa = PBXFileReference; fileEncoding = 4; lastKnownFileType = sourcecode.swift; path = Stylesheet.swift; sourceTree = "<group>"; };
		F5007B432BA994C500940F6C /* SF-Pro-Rounded-Regular.otf */ = {isa = PBXFileReference; lastKnownFileType = file; path = "SF-Pro-Rounded-Regular.otf"; sourceTree = "<group>"; };
		F5007B452BA996FF00940F6C /* Info.plist */ = {isa = PBXFileReference; lastKnownFileType = text.plist; path = Info.plist; sourceTree = "<group>"; };
		F554943D2BADB6E400E43FEE /* DrumView.swift */ = {isa = PBXFileReference; lastKnownFileType = sourcecode.swift; path = DrumView.swift; sourceTree = "<group>"; };
		F55C00772BAC203E00FA0F86 /* SF-Pro-Rounded-Bold.otf */ = {isa = PBXFileReference; lastKnownFileType = file; path = "SF-Pro-Rounded-Bold.otf"; sourceTree = "<group>"; };
		F55C00782BAC203E00FA0F86 /* SF-Pro-Rounded-Medium.otf */ = {isa = PBXFileReference; lastKnownFileType = file; path = "SF-Pro-Rounded-Medium.otf"; sourceTree = "<group>"; };
		F56A807A2BAD60660057532F /* SF-Pro-Rounded-Semibold.otf */ = {isa = PBXFileReference; lastKnownFileType = file; path = "SF-Pro-Rounded-Semibold.otf"; sourceTree = "<group>"; };
		F56A807C2BAD61640057532F /* FanSlider.swift */ = {isa = PBXFileReference; lastKnownFileType = sourcecode.swift; path = FanSlider.swift; sourceTree = "<group>"; };
		F5708EAA2BB2D9BE0052644E /* RotationGestureRecognizer.swift */ = {isa = PBXFileReference; lastKnownFileType = sourcecode.swift; path = RotationGestureRecognizer.swift; sourceTree = "<group>"; };
		F571BD042B99C05D007E730F /* GlowingButton.swift */ = {isa = PBXFileReference; lastKnownFileType = sourcecode.swift; path = GlowingButton.swift; sourceTree = "<group>"; };
		F57405432B98F78E00494384 /* CGFloat+RoundToNearest.swift */ = {isa = PBXFileReference; fileEncoding = 4; lastKnownFileType = sourcecode.swift; path = "CGFloat+RoundToNearest.swift"; sourceTree = "<group>"; };
		F57405442B98F78E00494384 /* CGPoint+Distance.swift */ = {isa = PBXFileReference; fileEncoding = 4; lastKnownFileType = sourcecode.swift; path = "CGPoint+Distance.swift"; sourceTree = "<group>"; };
		F57405472B98F7B300494384 /* DecelerationBehaviour.swift */ = {isa = PBXFileReference; fileEncoding = 4; lastKnownFileType = sourcecode.swift; path = DecelerationBehaviour.swift; sourceTree = "<group>"; };
		F5A8B00F2BB58B59007F6DE1 /* MeasurementValueTransformer.swift */ = {isa = PBXFileReference; fileEncoding = 4; lastKnownFileType = sourcecode.swift; path = MeasurementValueTransformer.swift; sourceTree = "<group>"; };
		F5A8B0142BB58E59007F6DE1 /* MeasurementValueTransformer+FactoryMethods.swift */ = {isa = PBXFileReference; fileEncoding = 4; lastKnownFileType = sourcecode.swift; path = "MeasurementValueTransformer+FactoryMethods.swift"; sourceTree = "<group>"; };
		F5A8B0162BB591A7007F6DE1 /* DrumViewModel.swift */ = {isa = PBXFileReference; lastKnownFileType = sourcecode.swift; path = DrumViewModel.swift; sourceTree = "<group>"; };
		F5DBFACF2B7168A00087E1E8 /* ThermostatControlSwiftUI.app */ = {isa = PBXFileReference; explicitFileType = wrapper.application; includeInIndex = 0; path = ThermostatControlSwiftUI.app; sourceTree = BUILT_PRODUCTS_DIR; };
		F5DBFAD22B7168A00087E1E8 /* ThermostatControlSwiftUIApp.swift */ = {isa = PBXFileReference; lastKnownFileType = sourcecode.swift; path = ThermostatControlSwiftUIApp.swift; sourceTree = "<group>"; };
		F5DBFAD42B7168A00087E1E8 /* ThermostatContentView.swift */ = {isa = PBXFileReference; lastKnownFileType = sourcecode.swift; path = ThermostatContentView.swift; sourceTree = "<group>"; };
		F5DBFAD62B7168A10087E1E8 /* Assets.xcassets */ = {isa = PBXFileReference; lastKnownFileType = folder.assetcatalog; path = Assets.xcassets; sourceTree = "<group>"; };
		F5DBFAD92B7168A10087E1E8 /* Preview Assets.xcassets */ = {isa = PBXFileReference; lastKnownFileType = folder.assetcatalog; path = "Preview Assets.xcassets"; sourceTree = "<group>"; };
/* End PBXFileReference section */

/* Begin PBXFrameworksBuildPhase section */
		F5DBFACC2B7168A00087E1E8 /* Frameworks */ = {
			isa = PBXFrameworksBuildPhase;
			buildActionMask = 2147483647;
			files = (
				7AB86B26B569B32776D932F8 /* Pods_ThermostatControlSwiftUI.framework in Frameworks */,
			);
			runOnlyForDeploymentPostprocessing = 0;
		};
/* End PBXFrameworksBuildPhase section */

/* Begin PBXGroup section */
		045E820A4CECF3772F0A9D83 /* Pods */ = {
			isa = PBXGroup;
			children = (
				98A12F8E63BC429BB3B4BDB2 /* Pods-ThermostatControlSwiftUI.debug.xcconfig */,
				B06997BC910891D461C77E1B /* Pods-ThermostatControlSwiftUI.release.xcconfig */,
			);
			path = Pods;
			sourceTree = "<group>";
		};
		2BAFD484941397122E7AD20C /* Frameworks */ = {
			isa = PBXGroup;
			children = (
				E817E31933ADECCE46D45673 /* Pods_ThermostatControlSwiftUI.framework */,
			);
			name = Frameworks;
			sourceTree = "<group>";
		};
		F57405422B98F77400494384 /* Helpers */ = {
			isa = PBXGroup;
			children = (
				F57405432B98F78E00494384 /* CGFloat+RoundToNearest.swift */,
				F57405442B98F78E00494384 /* CGPoint+Distance.swift */,
				F57405472B98F7B300494384 /* DecelerationBehaviour.swift */,
			);
			path = Helpers;
			sourceTree = "<group>";
		};
		F57405492B98F83100494384 /* Resources */ = {
			isa = PBXGroup;
			children = (
				F56A807A2BAD60660057532F /* SF-Pro-Rounded-Semibold.otf */,
				F55C00772BAC203E00FA0F86 /* SF-Pro-Rounded-Bold.otf */,
				F55C00782BAC203E00FA0F86 /* SF-Pro-Rounded-Medium.otf */,
				F5007B432BA994C500940F6C /* SF-Pro-Rounded-Regular.otf */,
				F5DBFAD82B7168A10087E1E8 /* Preview Content */,
				F5DBFAD62B7168A10087E1E8 /* Assets.xcassets */,
			);
			path = Resources;
			sourceTree = "<group>";
		};
		F5A8B0112BB58C49007F6DE1 /* View */ = {
			isa = PBXGroup;
			children = (
				F5A8B0182BB59B6F007F6DE1 /* DrumView */,
				F56A807C2BAD61640057532F /* FanSlider.swift */,
				F571BD042B99C05D007E730F /* GlowingButton.swift */,
				F5DBFAD42B7168A00087E1E8 /* ThermostatContentView.swift */,
			);
			path = View;
			sourceTree = "<group>";
		};
		F5A8B0132BB58C81007F6DE1 /* Sources */ = {
			isa = PBXGroup;
			children = (
				F5007B412BA98F9100940F6C /* Stylesheet.swift */,
				F57405422B98F77400494384 /* Helpers */,
				F5A8B0112BB58C49007F6DE1 /* View */,
			);
			path = Sources;
			sourceTree = "<group>";
		};
		F5A8B0182BB59B6F007F6DE1 /* DrumView */ = {
			isa = PBXGroup;
			children = (
				F554943D2BADB6E400E43FEE /* DrumView.swift */,
				F5A8B0162BB591A7007F6DE1 /* DrumViewModel.swift */,
				F5A8B00F2BB58B59007F6DE1 /* MeasurementValueTransformer.swift */,
				F5A8B0142BB58E59007F6DE1 /* MeasurementValueTransformer+FactoryMethods.swift */,
				F5708EAA2BB2D9BE0052644E /* RotationGestureRecognizer.swift */,
			);
			name = DrumView;
			sourceTree = "<group>";
		};
		F5DBFAC62B7168A00087E1E8 = {
			isa = PBXGroup;
			children = (
				F5DBFAD12B7168A00087E1E8 /* ThermostatControlSwiftUI */,
				F5DBFAD02B7168A00087E1E8 /* Products */,
				045E820A4CECF3772F0A9D83 /* Pods */,
				2BAFD484941397122E7AD20C /* Frameworks */,
			);
			sourceTree = "<group>";
		};
		F5DBFAD02B7168A00087E1E8 /* Products */ = {
			isa = PBXGroup;
			children = (
				F5DBFACF2B7168A00087E1E8 /* ThermostatControlSwiftUI.app */,
			);
			name = Products;
			sourceTree = "<group>";
		};
		F5DBFAD12B7168A00087E1E8 /* ThermostatControlSwiftUI */ = {
			isa = PBXGroup;
			children = (
				F5007B452BA996FF00940F6C /* Info.plist */,
				F5DBFAD22B7168A00087E1E8 /* ThermostatControlSwiftUIApp.swift */,
				F5A8B0132BB58C81007F6DE1 /* Sources */,
				F57405492B98F83100494384 /* Resources */,
			);
			path = ThermostatControlSwiftUI;
			sourceTree = "<group>";
		};
		F5DBFAD82B7168A10087E1E8 /* Preview Content */ = {
			isa = PBXGroup;
			children = (
				F5DBFAD92B7168A10087E1E8 /* Preview Assets.xcassets */,
			);
			path = "Preview Content";
			sourceTree = "<group>";
		};
/* End PBXGroup section */

/* Begin PBXNativeTarget section */
		F5DBFACE2B7168A00087E1E8 /* ThermostatControlSwiftUI */ = {
			isa = PBXNativeTarget;
			buildConfigurationList = F5DBFADD2B7168A10087E1E8 /* Build configuration list for PBXNativeTarget "ThermostatControlSwiftUI" */;
			buildPhases = (
				13174F2F313C593F137FE010 /* [CP] Check Pods Manifest.lock */,
				F5B3AB992B98F915007FE8A6 /* SwiftLint */,
				F5DBFACB2B7168A00087E1E8 /* Sources */,
				F5DBFACC2B7168A00087E1E8 /* Frameworks */,
				F5DBFACD2B7168A00087E1E8 /* Resources */,
				810B6D7FE444DEB118DAB032 /* [CP] Embed Pods Frameworks */,
			);
			buildRules = (
			);
			dependencies = (
			);
			name = ThermostatControlSwiftUI;
			productName = ThermostatControlSwiftUI;
			productReference = F5DBFACF2B7168A00087E1E8 /* ThermostatControlSwiftUI.app */;
			productType = "com.apple.product-type.application";
		};
/* End PBXNativeTarget section */

/* Begin PBXProject section */
		F5DBFAC72B7168A00087E1E8 /* Project object */ = {
			isa = PBXProject;
			attributes = {
				BuildIndependentTargetsInParallel = 1;
				LastSwiftUpdateCheck = 1500;
				LastUpgradeCheck = 1500;
				TargetAttributes = {
					F5DBFACE2B7168A00087E1E8 = {
						CreatedOnToolsVersion = 15.0.1;
					};
				};
			};
			buildConfigurationList = F5DBFACA2B7168A00087E1E8 /* Build configuration list for PBXProject "ThermostatControlSwiftUI" */;
			compatibilityVersion = "Xcode 14.0";
			developmentRegion = en;
			hasScannedForEncodings = 0;
			knownRegions = (
				en,
				Base,
			);
			mainGroup = F5DBFAC62B7168A00087E1E8;
			productRefGroup = F5DBFAD02B7168A00087E1E8 /* Products */;
			projectDirPath = "";
			projectRoot = "";
			targets = (
				F5DBFACE2B7168A00087E1E8 /* ThermostatControlSwiftUI */,
			);
		};
/* End PBXProject section */

/* Begin PBXResourcesBuildPhase section */
		F5DBFACD2B7168A00087E1E8 /* Resources */ = {
			isa = PBXResourcesBuildPhase;
			buildActionMask = 2147483647;
			files = (
				F5DBFADA2B7168A10087E1E8 /* Preview Assets.xcassets in Resources */,
				F56A807B2BAD60660057532F /* SF-Pro-Rounded-Semibold.otf in Resources */,
				F55C007A2BAC203E00FA0F86 /* SF-Pro-Rounded-Medium.otf in Resources */,
				F55C00792BAC203E00FA0F86 /* SF-Pro-Rounded-Bold.otf in Resources */,
				F5DBFAD72B7168A10087E1E8 /* Assets.xcassets in Resources */,
				F5007B442BA994C500940F6C /* SF-Pro-Rounded-Regular.otf in Resources */,
			);
			runOnlyForDeploymentPostprocessing = 0;
		};
/* End PBXResourcesBuildPhase section */

/* Begin PBXShellScriptBuildPhase section */
		13174F2F313C593F137FE010 /* [CP] Check Pods Manifest.lock */ = {
			isa = PBXShellScriptBuildPhase;
			buildActionMask = 2147483647;
			files = (
			);
			inputFileListPaths = (
			);
			inputPaths = (
				"${PODS_PODFILE_DIR_PATH}/Podfile.lock",
				"${PODS_ROOT}/Manifest.lock",
			);
			name = "[CP] Check Pods Manifest.lock";
			outputFileListPaths = (
			);
			outputPaths = (
				"$(DERIVED_FILE_DIR)/Pods-ThermostatControlSwiftUI-checkManifestLockResult.txt",
			);
			runOnlyForDeploymentPostprocessing = 0;
			shellPath = /bin/sh;
			shellScript = "diff \"${PODS_PODFILE_DIR_PATH}/Podfile.lock\" \"${PODS_ROOT}/Manifest.lock\" > /dev/null\nif [ $? != 0 ] ; then\n    # print error to STDERR\n    echo \"error: The sandbox is not in sync with the Podfile.lock. Run 'pod install' or update your CocoaPods installation.\" >&2\n    exit 1\nfi\n# This output is used by Xcode 'outputs' to avoid re-running this script phase.\necho \"SUCCESS\" > \"${SCRIPT_OUTPUT_FILE_0}\"\n";
			showEnvVarsInLog = 0;
		};
		810B6D7FE444DEB118DAB032 /* [CP] Embed Pods Frameworks */ = {
			isa = PBXShellScriptBuildPhase;
			buildActionMask = 2147483647;
			files = (
			);
			inputFileListPaths = (
				"${PODS_ROOT}/Target Support Files/Pods-ThermostatControlSwiftUI/Pods-ThermostatControlSwiftUI-frameworks-${CONFIGURATION}-input-files.xcfilelist",
			);
			name = "[CP] Embed Pods Frameworks";
			outputFileListPaths = (
				"${PODS_ROOT}/Target Support Files/Pods-ThermostatControlSwiftUI/Pods-ThermostatControlSwiftUI-frameworks-${CONFIGURATION}-output-files.xcfilelist",
			);
			runOnlyForDeploymentPostprocessing = 0;
			shellPath = /bin/sh;
			shellScript = "\"${PODS_ROOT}/Target Support Files/Pods-ThermostatControlSwiftUI/Pods-ThermostatControlSwiftUI-frameworks.sh\"\n";
			showEnvVarsInLog = 0;
		};
		F5B3AB992B98F915007FE8A6 /* SwiftLint */ = {
			isa = PBXShellScriptBuildPhase;
			alwaysOutOfDate = 1;
			buildActionMask = 2147483647;
			files = (
			);
			inputFileListPaths = (
			);
			inputPaths = (
			);
			name = SwiftLint;
			outputFileListPaths = (
			);
			outputPaths = (
			);
			runOnlyForDeploymentPostprocessing = 0;
			shellPath = /bin/sh;
			shellScript = "# Type a script or drag a script file from your workspace to insert its path.\n\"${PODS_ROOT}/SwiftLint/swiftlint\"\n";
		};
/* End PBXShellScriptBuildPhase section */

/* Begin PBXSourcesBuildPhase section */
		F5DBFACB2B7168A00087E1E8 /* Sources */ = {
			isa = PBXSourcesBuildPhase;
			buildActionMask = 2147483647;
			files = (
				F5A8B0152BB58E59007F6DE1 /* MeasurementValueTransformer+FactoryMethods.swift in Sources */,
				F5DBFAD52B7168A00087E1E8 /* ThermostatContentView.swift in Sources */,
				F554943E2BADB6E400E43FEE /* DrumView.swift in Sources */,
				F57405482B98F7B300494384 /* DecelerationBehaviour.swift in Sources */,
				F56A807D2BAD61640057532F /* FanSlider.swift in Sources */,
				F57405452B98F78E00494384 /* CGFloat+RoundToNearest.swift in Sources */,
				F5A8B0172BB591A7007F6DE1 /* DrumViewModel.swift in Sources */,
				F5A8B0102BB58B59007F6DE1 /* MeasurementValueTransformer.swift in Sources */,
				F571BD052B99C05D007E730F /* GlowingButton.swift in Sources */,
				F5007B422BA98F9100940F6C /* Stylesheet.swift in Sources */,
				F5DBFAD32B7168A00087E1E8 /* ThermostatControlSwiftUIApp.swift in Sources */,
				F57405462B98F78E00494384 /* CGPoint+Distance.swift in Sources */,
				F5708EAB2BB2D9BE0052644E /* RotationGestureRecognizer.swift in Sources */,
			);
			runOnlyForDeploymentPostprocessing = 0;
		};
/* End PBXSourcesBuildPhase section */

/* Begin XCBuildConfiguration section */
		F5DBFADB2B7168A10087E1E8 /* Debug */ = {
			isa = XCBuildConfiguration;
			buildSettings = {
				ALWAYS_SEARCH_USER_PATHS = NO;
				ASSETCATALOG_COMPILER_GENERATE_SWIFT_ASSET_SYMBOL_EXTENSIONS = YES;
				CLANG_ANALYZER_NONNULL = YES;
				CLANG_ANALYZER_NUMBER_OBJECT_CONVERSION = YES_AGGRESSIVE;
				CLANG_CXX_LANGUAGE_STANDARD = "gnu++20";
				CLANG_ENABLE_MODULES = YES;
				CLANG_ENABLE_OBJC_ARC = YES;
				CLANG_ENABLE_OBJC_WEAK = YES;
				CLANG_WARN_BLOCK_CAPTURE_AUTORELEASING = YES;
				CLANG_WARN_BOOL_CONVERSION = YES;
				CLANG_WARN_COMMA = YES;
				CLANG_WARN_CONSTANT_CONVERSION = YES;
				CLANG_WARN_DEPRECATED_OBJC_IMPLEMENTATIONS = YES;
				CLANG_WARN_DIRECT_OBJC_ISA_USAGE = YES_ERROR;
				CLANG_WARN_DOCUMENTATION_COMMENTS = YES;
				CLANG_WARN_EMPTY_BODY = YES;
				CLANG_WARN_ENUM_CONVERSION = YES;
				CLANG_WARN_INFINITE_RECURSION = YES;
				CLANG_WARN_INT_CONVERSION = YES;
				CLANG_WARN_NON_LITERAL_NULL_CONVERSION = YES;
				CLANG_WARN_OBJC_IMPLICIT_RETAIN_SELF = YES;
				CLANG_WARN_OBJC_LITERAL_CONVERSION = YES;
				CLANG_WARN_OBJC_ROOT_CLASS = YES_ERROR;
				CLANG_WARN_QUOTED_INCLUDE_IN_FRAMEWORK_HEADER = YES;
				CLANG_WARN_RANGE_LOOP_ANALYSIS = YES;
				CLANG_WARN_STRICT_PROTOTYPES = YES;
				CLANG_WARN_SUSPICIOUS_MOVE = YES;
				CLANG_WARN_UNGUARDED_AVAILABILITY = YES_AGGRESSIVE;
				CLANG_WARN_UNREACHABLE_CODE = YES;
				CLANG_WARN__DUPLICATE_METHOD_MATCH = YES;
				COPY_PHASE_STRIP = NO;
				DEBUG_INFORMATION_FORMAT = dwarf;
				ENABLE_STRICT_OBJC_MSGSEND = YES;
				ENABLE_TESTABILITY = YES;
				ENABLE_USER_SCRIPT_SANDBOXING = NO;
				GCC_C_LANGUAGE_STANDARD = gnu17;
				GCC_DYNAMIC_NO_PIC = NO;
				GCC_NO_COMMON_BLOCKS = YES;
				GCC_OPTIMIZATION_LEVEL = 0;
				GCC_PREPROCESSOR_DEFINITIONS = (
					"DEBUG=1",
					"$(inherited)",
				);
				GCC_WARN_64_TO_32_BIT_CONVERSION = YES;
				GCC_WARN_ABOUT_RETURN_TYPE = YES_ERROR;
				GCC_WARN_UNDECLARED_SELECTOR = YES;
				GCC_WARN_UNINITIALIZED_AUTOS = YES_AGGRESSIVE;
				GCC_WARN_UNUSED_FUNCTION = YES;
				GCC_WARN_UNUSED_VARIABLE = YES;
				IPHONEOS_DEPLOYMENT_TARGET = 17.0;
				LOCALIZATION_PREFERS_STRING_CATALOGS = YES;
				MTL_ENABLE_DEBUG_INFO = INCLUDE_SOURCE;
				MTL_FAST_MATH = YES;
				ONLY_ACTIVE_ARCH = YES;
				SDKROOT = iphoneos;
				SWIFT_ACTIVE_COMPILATION_CONDITIONS = "DEBUG $(inherited)";
				SWIFT_OPTIMIZATION_LEVEL = "-Onone";
			};
			name = Debug;
		};
		F5DBFADC2B7168A10087E1E8 /* Release */ = {
			isa = XCBuildConfiguration;
			buildSettings = {
				ALWAYS_SEARCH_USER_PATHS = NO;
				ASSETCATALOG_COMPILER_GENERATE_SWIFT_ASSET_SYMBOL_EXTENSIONS = YES;
				CLANG_ANALYZER_NONNULL = YES;
				CLANG_ANALYZER_NUMBER_OBJECT_CONVERSION = YES_AGGRESSIVE;
				CLANG_CXX_LANGUAGE_STANDARD = "gnu++20";
				CLANG_ENABLE_MODULES = YES;
				CLANG_ENABLE_OBJC_ARC = YES;
				CLANG_ENABLE_OBJC_WEAK = YES;
				CLANG_WARN_BLOCK_CAPTURE_AUTORELEASING = YES;
				CLANG_WARN_BOOL_CONVERSION = YES;
				CLANG_WARN_COMMA = YES;
				CLANG_WARN_CONSTANT_CONVERSION = YES;
				CLANG_WARN_DEPRECATED_OBJC_IMPLEMENTATIONS = YES;
				CLANG_WARN_DIRECT_OBJC_ISA_USAGE = YES_ERROR;
				CLANG_WARN_DOCUMENTATION_COMMENTS = YES;
				CLANG_WARN_EMPTY_BODY = YES;
				CLANG_WARN_ENUM_CONVERSION = YES;
				CLANG_WARN_INFINITE_RECURSION = YES;
				CLANG_WARN_INT_CONVERSION = YES;
				CLANG_WARN_NON_LITERAL_NULL_CONVERSION = YES;
				CLANG_WARN_OBJC_IMPLICIT_RETAIN_SELF = YES;
				CLANG_WARN_OBJC_LITERAL_CONVERSION = YES;
				CLANG_WARN_OBJC_ROOT_CLASS = YES_ERROR;
				CLANG_WARN_QUOTED_INCLUDE_IN_FRAMEWORK_HEADER = YES;
				CLANG_WARN_RANGE_LOOP_ANALYSIS = YES;
				CLANG_WARN_STRICT_PROTOTYPES = YES;
				CLANG_WARN_SUSPICIOUS_MOVE = YES;
				CLANG_WARN_UNGUARDED_AVAILABILITY = YES_AGGRESSIVE;
				CLANG_WARN_UNREACHABLE_CODE = YES;
				CLANG_WARN__DUPLICATE_METHOD_MATCH = YES;
				COPY_PHASE_STRIP = NO;
				DEBUG_INFORMATION_FORMAT = "dwarf-with-dsym";
				ENABLE_NS_ASSERTIONS = NO;
				ENABLE_STRICT_OBJC_MSGSEND = YES;
				ENABLE_USER_SCRIPT_SANDBOXING = NO;
				GCC_C_LANGUAGE_STANDARD = gnu17;
				GCC_NO_COMMON_BLOCKS = YES;
				GCC_WARN_64_TO_32_BIT_CONVERSION = YES;
				GCC_WARN_ABOUT_RETURN_TYPE = YES_ERROR;
				GCC_WARN_UNDECLARED_SELECTOR = YES;
				GCC_WARN_UNINITIALIZED_AUTOS = YES_AGGRESSIVE;
				GCC_WARN_UNUSED_FUNCTION = YES;
				GCC_WARN_UNUSED_VARIABLE = YES;
				IPHONEOS_DEPLOYMENT_TARGET = 17.0;
				LOCALIZATION_PREFERS_STRING_CATALOGS = YES;
				MTL_ENABLE_DEBUG_INFO = NO;
				MTL_FAST_MATH = YES;
				SDKROOT = iphoneos;
				SWIFT_COMPILATION_MODE = wholemodule;
				VALIDATE_PRODUCT = YES;
			};
			name = Release;
		};
		F5DBFADE2B7168A10087E1E8 /* Debug */ = {
			isa = XCBuildConfiguration;
			baseConfigurationReference = 98A12F8E63BC429BB3B4BDB2 /* Pods-ThermostatControlSwiftUI.debug.xcconfig */;
			buildSettings = {
				ASSETCATALOG_COMPILER_APPICON_NAME = AppIcon;
				ASSETCATALOG_COMPILER_GLOBAL_ACCENT_COLOR_NAME = AccentColor;
				CODE_SIGN_STYLE = Automatic;
				CURRENT_PROJECT_VERSION = 1;
				DEVELOPMENT_ASSET_PATHS = "\"ThermostatControlSwiftUI/Resources/Preview Content\"";
				DEVELOPMENT_TEAM = MW2UF479VW;
				ENABLE_PREVIEWS = YES;
				GENERATE_INFOPLIST_FILE = YES;
				INFOPLIST_FILE = ThermostatControlSwiftUI/Info.plist;
				INFOPLIST_KEY_UIApplicationSceneManifest_Generation = YES;
				INFOPLIST_KEY_UIApplicationSupportsIndirectInputEvents = YES;
				INFOPLIST_KEY_UILaunchScreen_Generation = YES;
				INFOPLIST_KEY_UISupportedInterfaceOrientations_iPad = "UIInterfaceOrientationPortrait UIInterfaceOrientationPortraitUpsideDown UIInterfaceOrientationLandscapeLeft UIInterfaceOrientationLandscapeRight";
				INFOPLIST_KEY_UISupportedInterfaceOrientations_iPhone = "UIInterfaceOrientationPortrait UIInterfaceOrientationLandscapeLeft UIInterfaceOrientationLandscapeRight";
				LD_RUNPATH_SEARCH_PATHS = (
					"$(inherited)",
					"@executable_path/Frameworks",
				);
				MARKETING_VERSION = 1.0;
				PRODUCT_BUNDLE_IDENTIFIER = com.shakuro.ThermostatControlSwiftUI;
				PRODUCT_NAME = "$(TARGET_NAME)";
				SWIFT_EMIT_LOC_STRINGS = YES;
				SWIFT_VERSION = 5.0;
				TARGETED_DEVICE_FAMILY = "1,2";
			};
			name = Debug;
		};
		F5DBFADF2B7168A10087E1E8 /* Release */ = {
			isa = XCBuildConfiguration;
			baseConfigurationReference = B06997BC910891D461C77E1B /* Pods-ThermostatControlSwiftUI.release.xcconfig */;
			buildSettings = {
				ASSETCATALOG_COMPILER_APPICON_NAME = AppIcon;
				ASSETCATALOG_COMPILER_GLOBAL_ACCENT_COLOR_NAME = AccentColor;
				CODE_SIGN_STYLE = Automatic;
				CURRENT_PROJECT_VERSION = 1;
				DEVELOPMENT_ASSET_PATHS = "\"ThermostatControlSwiftUI/Resources/Preview Content\"";
				DEVELOPMENT_TEAM = MW2UF479VW;
				ENABLE_PREVIEWS = YES;
				GENERATE_INFOPLIST_FILE = YES;
				INFOPLIST_FILE = ThermostatControlSwiftUI/Info.plist;
				INFOPLIST_KEY_UIApplicationSceneManifest_Generation = YES;
				INFOPLIST_KEY_UIApplicationSupportsIndirectInputEvents = YES;
				INFOPLIST_KEY_UILaunchScreen_Generation = YES;
				INFOPLIST_KEY_UISupportedInterfaceOrientations_iPad = "UIInterfaceOrientationPortrait UIInterfaceOrientationPortraitUpsideDown UIInterfaceOrientationLandscapeLeft UIInterfaceOrientationLandscapeRight";
				INFOPLIST_KEY_UISupportedInterfaceOrientations_iPhone = "UIInterfaceOrientationPortrait UIInterfaceOrientationLandscapeLeft UIInterfaceOrientationLandscapeRight";
				LD_RUNPATH_SEARCH_PATHS = (
					"$(inherited)",
					"@executable_path/Frameworks",
				);
				MARKETING_VERSION = 1.0;
				PRODUCT_BUNDLE_IDENTIFIER = com.shakuro.ThermostatControlSwiftUI;
				PRODUCT_NAME = "$(TARGET_NAME)";
				SWIFT_EMIT_LOC_STRINGS = YES;
				SWIFT_VERSION = 5.0;
				TARGETED_DEVICE_FAMILY = "1,2";
			};
			name = Release;
		};
/* End XCBuildConfiguration section */

/* Begin XCConfigurationList section */
		F5DBFACA2B7168A00087E1E8 /* Build configuration list for PBXProject "ThermostatControlSwiftUI" */ = {
			isa = XCConfigurationList;
			buildConfigurations = (
				F5DBFADB2B7168A10087E1E8 /* Debug */,
				F5DBFADC2B7168A10087E1E8 /* Release */,
			);
			defaultConfigurationIsVisible = 0;
			defaultConfigurationName = Release;
		};
		F5DBFADD2B7168A10087E1E8 /* Build configuration list for PBXNativeTarget "ThermostatControlSwiftUI" */ = {
			isa = XCConfigurationList;
			buildConfigurations = (
				F5DBFADE2B7168A10087E1E8 /* Debug */,
				F5DBFADF2B7168A10087E1E8 /* Release */,
			);
			defaultConfigurationIsVisible = 0;
			defaultConfigurationName = Release;
		};
/* End XCConfigurationList section */
	};
	rootObject = F5DBFAC72B7168A00087E1E8 /* Project object */;
}
